{
    "_readme": [
        "This file locks the dependencies of your project to a known state",
        "Read more about it at https://getcomposer.org/doc/01-basic-usage.md#installing-dependencies",
        "This file is @generated automatically"
    ],
    "content-hash": "f3b89b208715a7cf34ae17e48e20d1ff",
    "packages": [
        {
            "name": "wpeasy/wpeasy-library",
            "version": "v1.0.7",
            "source": {
                "type": "git",
                "url": "https://github.com/wpeasy/wpeasy-library.git",
                "reference": "8cbc4e0b026bd4f7f3cade2ecd1a793c0e3bfb39"
            },
            "dist": {
                "type": "zip",
                "url": "https://api.github.com/repos/wpeasy/wpeasy-library/zipball/8cbc4e0b026bd4f7f3cade2ecd1a793c0e3bfb39",
                "reference": "8cbc4e0b026bd4f7f3cade2ecd1a793c0e3bfb39",
                "shasum": ""
            },
            "type": "library",
            "autoload": {
                "psr-4": {
                    "WPEasyLibrary\\": "src/WPEasyLibrary/"
                }
            },
            "license": [
                "proprietary"
            ],
            "authors": [
                {
                    "name": "Alan Blair",
                    "email": "alan@wpeasy.net"
                }
            ],
            "description": "Library used by WPEasy WordPress plugins",
            "support": {
                "source": "https://github.com/wpeasy/wpeasy-library/tree/v1.0.7",
                "issues": "https://github.com/wpeasy/wpeasy-library/issues"
            },
            "time": "2019-12-30T04:45:35+00:00"
        }
    ],
    "packages-dev": [],
    "aliases": [],
    "minimum-stability": "stable",
    "stability-flags": [],
    "prefer-stable": false,
    "prefer-lowest": false,
    "platform": [],
    "platform-dev": []
}
